{
  "name": "libraries",
  "lockfileVersion": 2,
  "requires": true,
  "packages": {
    "": {
      "dependencies": {
        "ccapture.js": "^1.1.0",
        "hls.js": "^0.14.17"
      }
    },
    "node_modules/ccapture.js": {
      "version": "1.1.0",
      "resolved": "https://registry.npmjs.org/ccapture.js/-/ccapture.js-1.1.0.tgz",
      "integrity": "sha512-28kiHJzFsZ6b0OTfKpWpEwK2n/LTAgytK1uzB+413dzjHltdh2hP5Yg2qR0+9Xw3XoBMz5UkGCh8Ektr2rVlmw=="
    },
    "node_modules/eventemitter3": {
      "version": "4.0.7",
      "resolved": "https://registry.npmjs.org/eventemitter3/-/eventemitter3-4.0.7.tgz",
      "integrity": "sha512-8guHBZCwKnFhYdHr2ysuRWErTwhoN2X8XELRlrRwpmfeY2jjuUN4taQMsULKUVo1K4DvZl+0pgfyoysHxvmvEw=="
    },
    "node_modules/hls.js": {
      "version": "0.14.17",
      "resolved": "https://registry.npmjs.org/hls.js/-/hls.js-0.14.17.tgz",
      "integrity": "sha512-25A7+m6qqp6UVkuzUQ//VVh2EEOPYlOBg32ypr34bcPO7liBMOkKFvbjbCBfiPAOTA/7BSx1Dujft3Th57WyFg==",
      "dependencies": {
        "eventemitter3": "^4.0.3",
        "url-toolkit": "^2.1.6"
      }
    },
    "node_modules/url-toolkit": {
      "version": "2.2.1",
      "resolved": "https://registry.npmjs.org/url-toolkit/-/url-toolkit-2.2.1.tgz",
      "integrity": "sha512-8+DzgrtDZYZGhHaAop5WGVghMdCfOLGbhcArsJD0qDll71FXa7EeKxi2hilPIscn2nwMz4PRjML32Sz4JTN0Xw=="
    }
  },
  "dependencies": {
    "ccapture.js": {
      "version": "1.1.0",
      "resolved": "https://registry.npmjs.org/ccapture.js/-/ccapture.js-1.1.0.tgz",
      "integrity": "sha512-28kiHJzFsZ6b0OTfKpWpEwK2n/LTAgytK1uzB+413dzjHltdh2hP5Yg2qR0+9Xw3XoBMz5UkGCh8Ektr2rVlmw=="
    },
    "eventemitter3": {
      "version": "4.0.7",
      "resolved": "https://registry.npmjs.org/eventemitter3/-/eventemitter3-4.0.7.tgz",
      "integrity": "sha512-8guHBZCwKnFhYdHr2ysuRWErTwhoN2X8XELRlrRwpmfeY2jjuUN4taQMsULKUVo1K4DvZl+0pgfyoysHxvmvEw=="
    },
    "hls.js": {
      "version": "0.14.17",
      "resolved": "https://registry.npmjs.org/hls.js/-/hls.js-0.14.17.tgz",
      "integrity": "sha512-25A7+m6qqp6UVkuzUQ//VVh2EEOPYlOBg32ypr34bcPO7liBMOkKFvbjbCBfiPAOTA/7BSx1Dujft3Th57WyFg==",
      "requires": {
        "eventemitter3": "^4.0.3",
        "url-toolkit": "^2.1.6"
      }
    },
    "url-toolkit": {
      "version": "2.2.1",
      "resolved": "https://registry.npmjs.org/url-toolkit/-/url-toolkit-2.2.1.tgz",
      "integrity": "sha512-8+DzgrtDZYZGhHaAop5WGVghMdCfOLGbhcArsJD0qDll71FXa7EeKxi2hilPIscn2nwMz4PRjML32Sz4JTN0Xw=="
    }
  }
}
